Microsoft Visual Studio Solution File, Format Version 12.00
# Visual Studio 2012
Project("{FAE04EC0-301F-11D3-BF4B-00C04F79EFBC}") = "ProjectHeroL", "ProjectHeroL.csproj", "{6B1E4C2A-3F0D-4E7B-9A51-2C8D7F4E1A90}"
EndProject
Global
	GlobalSection(SolutionConfigurationPlatforms) = preSolution
	Debug|Any CPU = Debug|Any CPU
	ExportDebug|Any CPU = ExportDebug|Any CPU
	ExportRelease|Any CPU = ExportRelease|Any CPU
	EndGlobalSection
	GlobalSection(ProjectConfigurationPlatforms) = postSolution
		{6B1E4C2A-3F0D-4E7B-9A51-2C8D7F4E1A90}.Debug|Any CPU.ActiveCfg = Debug|Any CPU
		{6B1E4C2A-3F0D-4E7B-9A51-2C8D7F4E1A90}.Debug|Any CPU.Build.0 = Debug|Any CPU
		{6B1E4C2A-3F0D-4E7B-9A51-2C8D7F4E1A90}.ExportDebug|Any CPU.ActiveCfg = ExportDebug|Any CPU
		{6B1E4C2A-3F0D-4E7B-9A51-2C8D7F4E1A90}.ExportDebug|Any CPU.Build.0 = ExportDebug|Any CPU
		{6B1E4C2A-3F0D-4E7B-9A51-2C8D7F4E1A90}.ExportRelease|Any CPU.ActiveCfg = ExportRelease|Any CPU
		{6B1E4C2A-3F0D-4E7B-9A51-2C8D7F4E1A90}.ExportRelease|Any CPU.Build.0 = ExportRelease|Any CPU
	EndGlobalSection
EndGlobal
